
Microsoft Visual Studio Solution File, Format Version 12.00
# Visual Studio 15
VisualStudioVersion = 15.0.28010.0
MinimumVisualStudioVersion = 10.0.40219.1
Project("{FAE04EC0-301F-11D3-BF4B-00C04F79EFBC}") = "InsertExample", "InsertExample\InsertExample.csproj", "{4CF8184B-6CEF-42DE-B038-6BEA1DD91B56}"
EndProject
Project("{FAE04EC0-301F-11D3-BF4B-00C04F79EFBC}") = "SelectExample", "SelectExample\SelectExample.csproj", "{3FE58E74-0C0C-4412-AF93-9FA112FB11B5}"
EndProject
Project("{FAE04EC0-301F-11D3-BF4B-00C04F79EFBC}") = "FiltersExample", "FiltersExample\FiltersExample.csproj", "{E022FB98-E30D-438E-81C2-74D34A06E3C0}"
EndProject
Global
	GlobalSection(SolutionConfigurationPlatforms) = preSolution
		Debug|Any CPU = Debug|Any CPU
		Release|Any CPU = Release|Any CPU
	EndGlobalSection
	GlobalSection(ProjectConfigurationPlatforms) = postSolution
		{4CF8184B-6CEF-42DE-B038-6BEA1DD91B56}.Debug|Any CPU.ActiveCfg = Debug|Any CPU
		{4CF8184B-6CEF-42DE-B038-6BEA1DD91B56}.Debug|Any CPU.Build.0 = Debug|Any CPU
		{4CF8184B-6CEF-42DE-B038-6BEA1DD91B56}.Release|Any CPU.ActiveCfg = Release|Any CPU
		{4CF8184B-6CEF-42DE-B038-6BEA1DD91B56}.Release|Any CPU.Build.0 = Release|Any CPU
		{3FE58E74-0C0C-4412-AF93-9FA112FB11B5}.Debug|Any CPU.ActiveCfg = Debug|Any CPU
		{3FE58E74-0C0C-4412-AF93-9FA112FB11B5}.Debug|Any CPU.Build.0 = Debug|Any CPU
		{3FE58E74-0C0C-4412-AF93-9FA112FB11B5}.Release|Any CPU.ActiveCfg = Release|Any CPU
		{3FE58E74-0C0C-4412-AF93-9FA112FB11B5}.Release|Any CPU.Build.0 = Release|Any CPU
		{E022FB98-E30D-438E-81C2-74D34A06E3C0}.Debug|Any CPU.ActiveCfg = Debug|Any CPU
		{E022FB98-E30D-438E-81C2-74D34A06E3C0}.Debug|Any CPU.Build.0 = Debug|Any CPU
		{E022FB98-E30D-438E-81C2-74D34A06E3C0}.Release|Any CPU.ActiveCfg = Release|Any CPU
		{E022FB98-E30D-438E-81C2-74D34A06E3C0}.Release|Any CPU.Build.0 = Release|Any CPU
	EndGlobalSection
	GlobalSection(SolutionProperties) = preSolution
		HideSolutionNode = FALSE
	EndGlobalSection
	GlobalSection(ExtensibilityGlobals) = postSolution
		SolutionGuid = {92DE3A5A-FAB1-47AB-9DF4-6199FBEF0B9A}
	EndGlobalSection
EndGlobal
